<?xml version="1.0" encoding="UTF-8"?>
<!DOCTYPE plist PUBLIC "-//Apple//DTD PLIST 1.0//EN" "http://www.apple.com/DTDs/PropertyList-1.0.dtd">
<plist version="1.0">
<dict>
	<key>BuildNumber</key>
	<string>41800060</string>
	<key>BundleIdentifier</key>
	<string>com.barebones.bbedit</string>
	<key>HostIdentifier</key>
	<string>126C2131-6308-535D-9A16-1F8753233B7D</string>
	<key>HostName</key>
	<string>imac-vdl-4d</string>
	<key>LockDate</key>
	<date>2023-04-03T12:08:25Z</date>
	<key>LockID</key>
	<string>B5113B01-C92A-4610-98F0-0077805D87A2</string>
	<key>MarketingVersion</key>
	<string>14.6.4</string>
	<key>NetworkVolume</key>
	<false/>
	<key>ProcessIdentifier</key>
	<integer>5866</integer>
	<key>UserName</key>
	<string>vdl</string>
	<key>Version</key>
	<integer>3</integer>
	<key>VolumeIdentifier</key>
	<string>708EE426-4D3E-494D-96BE-CA0357AD20EF</string>
</dict>
</plist>
